github.com/qiniu/x v1.13.17 h1:x5GJNg3rN2PagEZ5JvXmusoIaK1iaGGppFK41i0VAis=
github.com/qiniu/x v1.13.17/go.mod h1:AiovSOCaRijaf3fj+0CBOpR1457pn24b0Vdb1JpwhII=
golang.org/x/sync v0.13.0 h1:AauUjRAJ9OSnvULf/ARrrVywoJDy0YS2AwQ98I37610=
golang.org/x/sync v0.13.0/go.mod h1:1dzgHSNfp02xaA81J2MS99Qcpr2w7fw1gpm99rleRqA=
