github.com/qiniu/x v1.13.8 h1:xXXD1LuTw4VaqTWxFKonm0F6XlhQNE59+vgPYP3ij8Q=
github.com/qiniu/x v1.13.8/go.mod h1:INZ2TSWSJVWO/RuELQROERcslBwVgFG7MkTfEdaQz9E=
golang.org/x/sync v0.6.0 h1:5BMeUDZ7vkXGfEr1x9B4bRcTH4lpkTkpdh0T/J+qjbQ=
golang.org/x/sync v0.6.0/go.mod h1:Czt+wKu1gCyEFDUtn0jG5QVvpJ6rzVqr5aXyt9drQfk=
