github.com/qiniu/x v1.12.21 h1:p2HG8qEnNvs5yNvvnSCLjUTkEhXN7j4vo5MfPk3xZn8=
github.com/qiniu/x v1.12.21/go.mod h1:03Ni9tj+N2h2aKnAz+6N0Xfl8FwMEDRC2PAlxekASDs=
golang.org/x/sync v0.4.0 h1:zxkM55ReGkDlKSM+Fu41A+zmbZuaPVbGMzvvdUPznYQ=
golang.org/x/sync v0.4.0/go.mod h1:FU7BRWz2tNW+3quACPkgCx/L+uEAv1htQ0V83Z9Rj+Y=
